
Microsoft Visual Studio Solution File, Format Version 12.00
# Visual Studio Version 16
VisualStudioVersion = 16.0.30804.86
MinimumVisualStudioVersion = 10.0.40219.1
Project("{FAE04EC0-301F-11D3-BF4B-00C04F79EFBC}") = "CourierBA.UWP", "CourierBA\CourierBA.UWP\CourierBA.UWP.csproj", "{16FB1368-5B0B-4EA7-A466-79DEC927B521}"
EndProject
Project("{FAE04EC0-301F-11D3-BF4B-00C04F79EFBC}") = "CourierBA.Android", "CourierBA\CourierBA.Android\CourierBA.Android.csproj", "{F5DAE37F-54FA-43F7-AAFF-906AC492F4FB}"
EndProject
Project("{FAE04EC0-301F-11D3-BF4B-00C04F79EFBC}") = "CourierBA.iOS", "CourierBA\CourierBA.iOS\CourierBA.iOS.csproj", "{C93CB496-E002-45FA-9484-AEC7F1995FD9}"
EndProject
Project("{FAE04EC0-301F-11D3-BF4B-00C04F79EFBC}") = "CourierBA", "CourierBA\CourierBA\CourierBA.csproj", "{87CDE94F-6E46-4973-B8D0-7AD37A59E62F}"
EndProject
Global
	GlobalSection(SolutionConfigurationPlatforms) = preSolution
		Debug|Any CPU = Debug|Any CPU
		Debug|ARM = Debug|ARM
		Debug|iPhone = Debug|iPhone
		Debug|iPhoneSimulator = Debug|iPhoneSimulator
		Debug|x64 = Debug|x64
		Debug|x86 = Debug|x86
		Release|Any CPU = Release|Any CPU
		Release|ARM = Release|ARM
		Release|iPhone = Release|iPhone
		Release|iPhoneSimulator = Release|iPhoneSimulator
		Release|x64 = Release|x64
		Release|x86 = Release|x86
	EndGlobalSection
	GlobalSection(ProjectConfigurationPlatforms) = postSolution
		{16FB1368-5B0B-4EA7-A466-79DEC927B521}.Debug|Any CPU.ActiveCfg = Debug|x86
		{16FB1368-5B0B-4EA7-A466-79DEC927B521}.Debug|Any CPU.Build.0 = Debug|x86
		{16FB1368-5B0B-4EA7-A466-79DEC927B521}.Debug|Any CPU.Deploy.0 = Debug|x86
		{16FB1368-5B0B-4EA7-A466-79DEC927B521}.Debug|ARM.ActiveCfg = Debug|ARM
		{16FB1368-5B0B-4EA7-A466-79DEC927B521}.Debug|ARM.Build.0 = Debug|ARM
		{16FB1368-5B0B-4EA7-A466-79DEC927B521}.Debug|ARM.Deploy.0 = Debug|ARM
		{16FB1368-5B0B-4EA7-A466-79DEC927B521}.Debug|iPhone.ActiveCfg = Debug|x86
		{16FB1368-5B0B-4EA7-A466-79DEC927B521}.Debug|iPhone.Build.0 = Debug|x86
		{16FB1368-5B0B-4EA7-A466-79DEC927B521}.Debug|iPhone.Deploy.0 = Debug|x86
		{16FB1368-5B0B-4EA7-A466-79DEC927B521}.Debug|iPhoneSimulator.ActiveCfg = Debug|x86
		{16FB1368-5B0B-4EA7-A466-79DEC927B521}.Debug|iPhoneSimulator.Build.0 = Debug|x86
		{16FB1368-5B0B-4EA7-A466-79DEC927B521}.Debug|iPhoneSimulator.Deploy.0 = Debug|x86
		{16FB1368-5B0B-4EA7-A466-79DEC927B521}.Debug|x64.ActiveCfg = Debug|x64
		{16FB1368-5B0B-4EA7-A466-79DEC927B521}.Debug|x64.Build.0 = Debug|x64
		{16FB1368-5B0B-4EA7-A466-79DEC927B521}.Debug|x64.Deploy.0 = Debug|x64
		{16FB1368-5B0B-4EA7-A466-79DEC927B521}.Debug|x86.ActiveCfg = Debug|x86
		{16FB1368-5B0B-4EA7-A466-79DEC927B521}.Debug|x86.Build.0 = Debug|x86
		{16FB1368-5B0B-4EA7-A466-79DEC927B521}.Debug|x86.Deploy.0 = Debug|x86
		{16FB1368-5B0B-4EA7-A466-79DEC927B521}.Release|Any CPU.ActiveCfg = Release|x86
		{16FB1368-5B0B-4EA7-A466-79DEC927B521}.Release|Any CPU.Build.0 = Release|x86
		{16FB1368-5B0B-4EA7-A466-79DEC927B521}.Release|Any CPU.Deploy.0 = Release|x86
		{16FB1368-5B0B-4EA7-A466-79DEC927B521}.Release|ARM.ActiveCfg = Release|ARM
		{16FB1368-5B0B-4EA7-A466-79DEC927B521}.Release|ARM.Build.0 = Release|ARM
		{16FB1368-5B0B-4EA7-A466-79DEC927B521}.Release|ARM.Deploy.0 = Release|ARM
		{16FB1368-5B0B-4EA7-A466-79DEC927B521}.Release|iPhone.ActiveCfg = Release|x86
		{16FB1368-5B0B-4EA7-A466-79DEC927B521}.Release|iPhone.Build.0 = Release|x86
		{16FB1368-5B0B-4EA7-A466-79DEC927B521}.Release|iPhone.Deploy.0 = Release|x86
		{16FB1368-5B0B-4EA7-A466-79DEC927B521}.Release|iPhoneSimulator.ActiveCfg = Release|x86
		{16FB1368-5B0B-4EA7-A466-79DEC927B521}.Release|iPhoneSimulator.Build.0 = Release|x86
		{16FB1368-5B0B-4EA7-A466-79DEC927B521}.Release|iPhoneSimulator.Deploy.0 = Release|x86
		{16FB1368-5B0B-4EA7-A466-79DEC927B521}.Release|x64.ActiveCfg = Release|x64
		{16FB1368-5B0B-4EA7-A466-79DEC927B521}.Release|x64.Build.0 = Release|x64
		{16FB1368-5B0B-4EA7-A466-79DEC927B521}.Release|x64.Deploy.0 = Release|x64
		{16FB1368-5B0B-4EA7-A466-79DEC927B521}.Release|x86.ActiveCfg = Release|x86
		{16FB1368-5B0B-4EA7-A466-79DEC927B521}.Release|x86.Build.0 = Release|x86
		{16FB1368-5B0B-4EA7-A466-79DEC927B521}.Release|x86.Deploy.0 = Release|x86
		{F5DAE37F-54FA-43F7-AAFF-906AC492F4FB}.Debug|Any CPU.ActiveCfg = Debug|Any CPU
		{F5DAE37F-54FA-43F7-AAFF-906AC492F4FB}.Debug|Any CPU.Build.0 = Debug|Any CPU
		{F5DAE37F-54FA-43F7-AAFF-906AC492F4FB}.Debug|Any CPU.Deploy.0 = Debug|Any CPU
		{F5DAE37F-54FA-43F7-AAFF-906AC492F4FB}.Debug|ARM.ActiveCfg = Debug|Any CPU
		{F5DAE37F-54FA-43F7-AAFF-906AC492F4FB}.Debug|ARM.Build.0 = Debug|Any CPU
		{F5DAE37F-54FA-43F7-AAFF-906AC492F4FB}.Debug|ARM.Deploy.0 = Debug|Any CPU
		{F5DAE37F-54FA-43F7-AAFF-906AC492F4FB}.Debug|iPhone.ActiveCfg = Debug|Any CPU
		{F5DAE37F-54FA-43F7-AAFF-906AC492F4FB}.Debug|iPhone.Build.0 = Debug|Any CPU
		{F5DAE37F-54FA-43F7-AAFF-906AC492F4FB}.Debug|iPhone.Deploy.0 = Debug|Any CPU
		{F5DAE37F-54FA-43F7-AAFF-906AC492F4FB}.Debug|iPhoneSimulator.ActiveCfg = Debug|Any CPU
		{F5DAE37F-54FA-43F7-AAFF-906AC492F4FB}.Debug|iPhoneSimulator.Build.0 = Debug|Any CPU
		{F5DAE37F-54FA-43F7-AAFF-906AC492F4FB}.Debug|iPhoneSimulator.Deploy.0 = Debug|Any CPU
		{F5DAE37F-54FA-43F7-AAFF-906AC492F4FB}.Debug|x64.ActiveCfg = Debug|Any CPU
		{F5DAE37F-54FA-43F7-AAFF-906AC492F4FB}.Debug|x64.Build.0 = Debug|Any CPU
		{F5DAE37F-54FA-43F7-AAFF-906AC492F4FB}.Debug|x64.Deploy.0 = Debug|Any CPU
		{F5DAE37F-54FA-43F7-AAFF-906AC492F4FB}.Debug|x86.ActiveCfg = Debug|Any CPU
		{F5DAE37F-54FA-43F7-AAFF-906AC492F4FB}.Debug|x86.Build.0 = Debug|Any CPU
		{F5DAE37F-54FA-43F7-AAFF-906AC492F4FB}.Debug|x86.Deploy.0 = Debug|Any CPU
		{F5DAE37F-54FA-43F7-AAFF-906AC492F4FB}.Release|Any CPU.ActiveCfg = Release|Any CPU
		{F5DAE37F-54FA-43F7-AAFF-906AC492F4FB}.Release|Any CPU.Build.0 = Release|Any CPU
		{F5DAE37F-54FA-43F7-AAFF-906AC492F4FB}.Release|Any CPU.Deploy.0 = Release|Any CPU
		{F5DAE37F-54FA-43F7-AAFF-906AC492F4FB}.Release|ARM.ActiveCfg = Release|Any CPU
		{F5DAE37F-54FA-43F7-AAFF-906AC492F4FB}.Release|ARM.Build.0 = Release|Any CPU
		{F5DAE37F-54FA-43F7-AAFF-906AC492F4FB}.Release|ARM.Deploy.0 = Release|Any CPU
		{F5DAE37F-54FA-43F7-AAFF-906AC492F4FB}.Release|iPhone.ActiveCfg = Release|Any CPU
		{F5DAE37F-54FA-43F7-AAFF-906AC492F4FB}.Release|iPhone.Build.0 = Release|Any CPU
		{F5DAE37F-54FA-43F7-AAFF-906AC492F4FB}.Release|iPhone.Deploy.0 = Release|Any CPU
		{F5DAE37F-54FA-43F7-AAFF-906AC492F4FB}.Release|iPhoneSimulator.ActiveCfg = Release|Any CPU
		{F5DAE37F-54FA-43F7-AAFF-906AC492F4FB}.Release|iPhoneSimulator.Build.0 = Release|Any CPU
		{F5DAE37F-54FA-43F7-AAFF-906AC492F4FB}.Release|iPhoneSimulator.Deploy.0 = Release|Any CPU
		{F5DAE37F-54FA-43F7-AAFF-906AC492F4FB}.Release|x64.ActiveCfg = Release|Any CPU
		{F5DAE37F-54FA-43F7-AAFF-906AC492F4FB}.Release|x64.Build.0 = Release|Any CPU
		{F5DAE37F-54FA-43F7-AAFF-906AC492F4FB}.Release|x64.Deploy.0 = Release|Any CPU
		{F5DAE37F-54FA-43F7-AAFF-906AC492F4FB}.Release|x86.ActiveCfg = Release|Any CPU
		{F5DAE37F-54FA-43F7-AAFF-906AC492F4FB}.Release|x86.Build.0 = Release|Any CPU
		{F5DAE37F-54FA-43F7-AAFF-906AC492F4FB}.Release|x86.Deploy.0 = Release|Any CPU
		{C93CB496-E002-45FA-9484-AEC7F1995FD9}.Debug|Any CPU.ActiveCfg = Debug|iPhoneSimulator
		{C93CB496-E002-45FA-9484-AEC7F1995FD9}.Debug|Any CPU.Build.0 = Debug|iPhoneSimulator
		{C93CB496-E002-45FA-9484-AEC7F1995FD9}.Debug|Any CPU.Deploy.0 = Debug|iPhoneSimulator
		{C93CB496-E002-45FA-9484-AEC7F1995FD9}.Debug|ARM.ActiveCfg = Debug|iPhone
		{C93CB496-E002-45FA-9484-AEC7F1995FD9}.Debug|ARM.Build.0 = Debug|iPhone
		{C93CB496-E002-45FA-9484-AEC7F1995FD9}.Debug|ARM.Deploy.0 = Debug|iPhone
		{C93CB496-E002-45FA-9484-AEC7F1995FD9}.Debug|iPhone.ActiveCfg = Debug|iPhone
		{C93CB496-E002-45FA-9484-AEC7F1995FD9}.Debug|iPhone.Build.0 = Debug|iPhone
		{C93CB496-E002-45FA-9484-AEC7F1995FD9}.Debug|iPhone.Deploy.0 = Debug|iPhone
		{C93CB496-E002-45FA-9484-AEC7F1995FD9}.Debug|iPhoneSimulator.ActiveCfg = Debug|iPhoneSimulator
		{C93CB496-E002-45FA-9484-AEC7F1995FD9}.Debug|iPhoneSimulator.Build.0 = Debug|iPhoneSimulator
		{C93CB496-E002-45FA-9484-AEC7F1995FD9}.Debug|iPhoneSimulator.Deploy.0 = Debug|iPhoneSimulator
		{C93CB496-E002-45FA-9484-AEC7F1995FD9}.Debug|x64.ActiveCfg = Debug|iPhoneSimulator
		{C93CB496-E002-45FA-9484-AEC7F1995FD9}.Debug|x64.Build.0 = Debug|iPhoneSimulator
		{C93CB496-E002-45FA-9484-AEC7F1995FD9}.Debug|x64.Deploy.0 = Debug|iPhoneSimulator
		{C93CB496-E002-45FA-9484-AEC7F1995FD9}.Debug|x86.ActiveCfg = Debug|iPhoneSimulator
		{C93CB496-E002-45FA-9484-AEC7F1995FD9}.Debug|x86.Build.0 = Debug|iPhoneSimulator
		{C93CB496-E002-45FA-9484-AEC7F1995FD9}.Debug|x86.Deploy.0 = Debug|iPhoneSimulator
		{C93CB496-E002-45FA-9484-AEC7F1995FD9}.Release|Any CPU.ActiveCfg = Release|iPhoneSimulator
		{C93CB496-E002-45FA-9484-AEC7F1995FD9}.Release|Any CPU.Build.0 = Release|iPhoneSimulator
		{C93CB496-E002-45FA-9484-AEC7F1995FD9}.Release|Any CPU.Deploy.0 = Release|iPhoneSimulator
		{C93CB496-E002-45FA-9484-AEC7F1995FD9}.Release|ARM.ActiveCfg = Release|iPhoneSimulator
		{C93CB496-E002-45FA-9484-AEC7F1995FD9}.Release|ARM.Build.0 = Release|iPhoneSimulator
		{C93CB496-E002-45FA-9484-AEC7F1995FD9}.Release|ARM.Deploy.0 = Release|iPhoneSimulator
		{C93CB496-E002-45FA-9484-AEC7F1995FD9}.Release|iPhone.ActiveCfg = Release|iPhone
		{C93CB496-E002-45FA-9484-AEC7F1995FD9}.Release|iPhone.Build.0 = Release|iPhone
		{C93CB496-E002-45FA-9484-AEC7F1995FD9}.Release|iPhone.Deploy.0 = Release|iPhone
		{C93CB496-E002-45FA-9484-AEC7F1995FD9}.Release|iPhoneSimulator.ActiveCfg = Release|iPhoneSimulator
		{C93CB496-E002-45FA-9484-AEC7F1995FD9}.Release|iPhoneSimulator.Build.0 = Release|iPhoneSimulator
		{C93CB496-E002-45FA-9484-AEC7F1995FD9}.Release|iPhoneSimulator.Deploy.0 = Release|iPhoneSimulator
		{C93CB496-E002-45FA-9484-AEC7F1995FD9}.Release|x64.ActiveCfg = Release|iPhoneSimulator
		{C93CB496-E002-45FA-9484-AEC7F1995FD9}.Release|x64.Build.0 = Release|iPhoneSimulator
		{C93CB496-E002-45FA-9484-AEC7F1995FD9}.Release|x64.Deploy.0 = Release|iPhoneSimulator
		{C93CB496-E002-45FA-9484-AEC7F1995FD9}.Release|x86.ActiveCfg = Release|iPhoneSimulator
		{C93CB496-E002-45FA-9484-AEC7F1995FD9}.Release|x86.Build.0 = Release|iPhoneSimulator
		{C93CB496-E002-45FA-9484-AEC7F1995FD9}.Release|x86.Deploy.0 = Release|iPhoneSimulator
		{87CDE94F-6E46-4973-B8D0-7AD37A59E62F}.Debug|Any CPU.ActiveCfg = Debug|Any CPU
		{87CDE94F-6E46-4973-B8D0-7AD37A59E62F}.Debug|Any CPU.Build.0 = Debug|Any CPU
		{87CDE94F-6E46-4973-B8D0-7AD37A59E62F}.Debug|Any CPU.Deploy.0 = Debug|Any CPU
		{87CDE94F-6E46-4973-B8D0-7AD37A59E62F}.Debug|ARM.ActiveCfg = Debug|Any CPU
		{87CDE94F-6E46-4973-B8D0-7AD37A59E62F}.Debug|ARM.Build.0 = Debug|Any CPU
		{87CDE94F-6E46-4973-B8D0-7AD37A59E62F}.Debug|ARM.Deploy.0 = Debug|Any CPU
		{87CDE94F-6E46-4973-B8D0-7AD37A59E62F}.Debug|iPhone.ActiveCfg = Debug|Any CPU
		{87CDE94F-6E46-4973-B8D0-7AD37A59E62F}.Debug|iPhone.Build.0 = Debug|Any CPU
		{87CDE94F-6E46-4973-B8D0-7AD37A59E62F}.Debug|iPhone.Deploy.0 = Debug|Any CPU
		{87CDE94F-6E46-4973-B8D0-7AD37A59E62F}.Debug|iPhoneSimulator.ActiveCfg = Debug|Any CPU
		{87CDE94F-6E46-4973-B8D0-7AD37A59E62F}.Debug|iPhoneSimulator.Build.0 = Debug|Any CPU
		{87CDE94F-6E46-4973-B8D0-7AD37A59E62F}.Debug|iPhoneSimulator.Deploy.0 = Debug|Any CPU
		{87CDE94F-6E46-4973-B8D0-7AD37A59E62F}.Debug|x64.ActiveCfg = Debug|Any CPU
		{87CDE94F-6E46-4973-B8D0-7AD37A59E62F}.Debug|x64.Build.0 = Debug|Any CPU
		{87CDE94F-6E46-4973-B8D0-7AD37A59E62F}.Debug|x64.Deploy.0 = Debug|Any CPU
		{87CDE94F-6E46-4973-B8D0-7AD37A59E62F}.Debug|x86.ActiveCfg = Debug|Any CPU
		{87CDE94F-6E46-4973-B8D0-7AD37A59E62F}.Debug|x86.Build.0 = Debug|Any CPU
		{87CDE94F-6E46-4973-B8D0-7AD37A59E62F}.Debug|x86.Deploy.0 = Debug|Any CPU
		{87CDE94F-6E46-4973-B8D0-7AD37A59E62F}.Release|Any CPU.ActiveCfg = Release|Any CPU
		{87CDE94F-6E46-4973-B8D0-7AD37A59E62F}.Release|Any CPU.Build.0 = Release|Any CPU
		{87CDE94F-6E46-4973-B8D0-7AD37A59E62F}.Release|Any CPU.Deploy.0 = Release|Any CPU
		{87CDE94F-6E46-4973-B8D0-7AD37A59E62F}.Release|ARM.ActiveCfg = Release|Any CPU
		{87CDE94F-6E46-4973-B8D0-7AD37A59E62F}.Release|ARM.Build.0 = Release|Any CPU
		{87CDE94F-6E46-4973-B8D0-7AD37A59E62F}.Release|ARM.Deploy.0 = Release|Any CPU
		{87CDE94F-6E46-4973-B8D0-7AD37A59E62F}.Release|iPhone.ActiveCfg = Release|Any CPU
		{87CDE94F-6E46-4973-B8D0-7AD37A59E62F}.Release|iPhone.Build.0 = Release|Any CPU
		{87CDE94F-6E46-4973-B8D0-7AD37A59E62F}.Release|iPhone.Deploy.0 = Release|Any CPU
		{87CDE94F-6E46-4973-B8D0-7AD37A59E62F}.Release|iPhoneSimulator.ActiveCfg = Release|Any CPU
		{87CDE94F-6E46-4973-B8D0-7AD37A59E62F}.Release|iPhoneSimulator.Build.0 = Release|Any CPU
		{87CDE94F-6E46-4973-B8D0-7AD37A59E62F}.Release|iPhoneSimulator.Deploy.0 = Release|Any CPU
		{87CDE94F-6E46-4973-B8D0-7AD37A59E62F}.Release|x64.ActiveCfg = Release|Any CPU
		{87CDE94F-6E46-4973-B8D0-7AD37A59E62F}.Release|x64.Build.0 = Release|Any CPU
		{87CDE94F-6E46-4973-B8D0-7AD37A59E62F}.Release|x64.Deploy.0 = Release|Any CPU
		{87CDE94F-6E46-4973-B8D0-7AD37A59E62F}.Release|x86.ActiveCfg = Release|Any CPU
		{87CDE94F-6E46-4973-B8D0-7AD37A59E62F}.Release|x86.Build.0 = Release|Any CPU
		{87CDE94F-6E46-4973-B8D0-7AD37A59E62F}.Release|x86.Deploy.0 = Release|Any CPU
	EndGlobalSection
	GlobalSection(SolutionProperties) = preSolution
		HideSolutionNode = FALSE
	EndGlobalSection
	GlobalSection(ExtensibilityGlobals) = postSolution
		SolutionGuid = {9E663AC5-BE3C-4B48-922A-FA17F8789BE7}
	EndGlobalSection
EndGlobal
